
Microsoft Visual Studio Solution File, Format Version 12.00
# Visual Studio Version 16
VisualStudioVersion = 16.0.29806.167
MinimumVisualStudioVersion = 10.0.40219.1
Project("{FAE04EC0-301F-11D3-BF4B-00C04F79EFBC}") = "MyNeuralNetwork", "MyNeuralNetwork\MyNeuralNetwork.csproj", "{9C1BB02E-EC47-462A-865F-9844BD9D8684}"
EndProject
Project("{FAE04EC0-301F-11D3-BF4B-00C04F79EFBC}") = "NeuralLibrary", "NeuralLibrary\NeuralLibrary.csproj", "{E8B52534-9460-4993-AB94-B41332B4C86B}"
EndProject
Project("{FAE04EC0-301F-11D3-BF4B-00C04F79EFBC}") = "NetworkApprox", "NetworkApprox\NetworkApprox.csproj", "{74498C10-160B-4EEB-A5AA-BF103138364F}"
EndProject
Global
	GlobalSection(SolutionConfigurationPlatforms) = preSolution
		Debug|Any CPU = Debug|Any CPU
		Release|Any CPU = Release|Any CPU
	EndGlobalSection
	GlobalSection(ProjectConfigurationPlatforms) = postSolution
		{9C1BB02E-EC47-462A-865F-9844BD9D8684}.Debug|Any CPU.ActiveCfg = Debug|Any CPU
		{9C1BB02E-EC47-462A-865F-9844BD9D8684}.Debug|Any CPU.Build.0 = Debug|Any CPU
		{9C1BB02E-EC47-462A-865F-9844BD9D8684}.Release|Any CPU.ActiveCfg = Release|Any CPU
		{9C1BB02E-EC47-462A-865F-9844BD9D8684}.Release|Any CPU.Build.0 = Release|Any CPU
		{E8B52534-9460-4993-AB94-B41332B4C86B}.Debug|Any CPU.ActiveCfg = Debug|Any CPU
		{E8B52534-9460-4993-AB94-B41332B4C86B}.Debug|Any CPU.Build.0 = Debug|Any CPU
		{E8B52534-9460-4993-AB94-B41332B4C86B}.Release|Any CPU.ActiveCfg = Release|Any CPU
		{E8B52534-9460-4993-AB94-B41332B4C86B}.Release|Any CPU.Build.0 = Release|Any CPU
		{74498C10-160B-4EEB-A5AA-BF103138364F}.Debug|Any CPU.ActiveCfg = Debug|Any CPU
		{74498C10-160B-4EEB-A5AA-BF103138364F}.Debug|Any CPU.Build.0 = Debug|Any CPU
		{74498C10-160B-4EEB-A5AA-BF103138364F}.Release|Any CPU.ActiveCfg = Release|Any CPU
		{74498C10-160B-4EEB-A5AA-BF103138364F}.Release|Any CPU.Build.0 = Release|Any CPU
	EndGlobalSection
	GlobalSection(SolutionProperties) = preSolution
		HideSolutionNode = FALSE
	EndGlobalSection
	GlobalSection(ExtensibilityGlobals) = postSolution
		SolutionGuid = {F9AD5488-4BE1-48BB-AC77-1EB50BDC7572}
	EndGlobalSection
EndGlobal
